
Microsoft Visual Studio Solution File, Format Version 12.00
# Visual Studio Version 17
VisualStudioVersion = 17.8.34309.116
MinimumVisualStudioVersion = 10.0.40219.1
Project("{FAE04EC0-301F-11D3-BF4B-00C04F79EFBC}") = "Downloading_XLS_PeSec", "Downloading_XLS_PeSec\Downloading_XLS_PeSec.csproj", "{78800AF8-734A-45D6-B2E2-76DC795EAD73}"
EndProject
Global
	GlobalSection(SolutionConfigurationPlatforms) = preSolution
		Debug|Any CPU = Debug|Any CPU
		Release|Any CPU = Release|Any CPU
	EndGlobalSection
	GlobalSection(ProjectConfigurationPlatforms) = postSolution
		{78800AF8-734A-45D6-B2E2-76DC795EAD73}.Debug|Any CPU.ActiveCfg = Debug|Any CPU
		{78800AF8-734A-45D6-B2E2-76DC795EAD73}.Debug|Any CPU.Build.0 = Debug|Any CPU
		{78800AF8-734A-45D6-B2E2-76DC795EAD73}.Release|Any CPU.ActiveCfg = Release|Any CPU
		{78800AF8-734A-45D6-B2E2-76DC795EAD73}.Release|Any CPU.Build.0 = Release|Any CPU
	EndGlobalSection
	GlobalSection(SolutionProperties) = preSolution
		HideSolutionNode = FALSE
	EndGlobalSection
	GlobalSection(ExtensibilityGlobals) = postSolution
		SolutionGuid = {E9FB5773-3100-4D46-8026-99E65D9F6425}
	EndGlobalSection
EndGlobal
